
Microsoft Visual Studio Solution File, Format Version 12.00
# Visual Studio 2015
Project("{FAE04EC0-301F-11D3-BF4B-00C04F79EFBC}") = "MainProject-master-master", "MainProject-master-master.csproj", "{B3758E10-49C2-46A1-9DF7-D7319234EEBB}"
EndProject
Project("{FAE04EC0-301F-11D3-BF4B-00C04F79EFBC}") = "MainProject-master-master.Editor", "MainProject-master-master.Editor.csproj", "{073EC509-BCFA-9BB3-1FD4-67A2253D3750}"
EndProject
Global
	GlobalSection(SolutionConfigurationPlatforms) = preSolution
		Debug|Any CPU = Debug|Any CPU
		Release|Any CPU = Release|Any CPU
	EndGlobalSection
	GlobalSection(ProjectConfigurationPlatforms) = postSolution
		{B3758E10-49C2-46A1-9DF7-D7319234EEBB}.Debug|Any CPU.ActiveCfg = Debug|Any CPU
		{B3758E10-49C2-46A1-9DF7-D7319234EEBB}.Debug|Any CPU.Build.0 = Debug|Any CPU
		{B3758E10-49C2-46A1-9DF7-D7319234EEBB}.Release|Any CPU.ActiveCfg = Release|Any CPU
		{B3758E10-49C2-46A1-9DF7-D7319234EEBB}.Release|Any CPU.Build.0 = Release|Any CPU
		{073EC509-BCFA-9BB3-1FD4-67A2253D3750}.Debug|Any CPU.ActiveCfg = Debug|Any CPU
		{073EC509-BCFA-9BB3-1FD4-67A2253D3750}.Debug|Any CPU.Build.0 = Debug|Any CPU
		{073EC509-BCFA-9BB3-1FD4-67A2253D3750}.Release|Any CPU.ActiveCfg = Release|Any CPU
		{073EC509-BCFA-9BB3-1FD4-67A2253D3750}.Release|Any CPU.Build.0 = Release|Any CPU
	EndGlobalSection
	GlobalSection(SolutionProperties) = preSolution
		HideSolutionNode = FALSE
	EndGlobalSection
EndGlobal
